
Microsoft Visual Studio Solution File, Format Version 12.00
# Visual Studio 15
VisualStudioVersion = 15.0.27004.2009
MinimumVisualStudioVersion = 10.0.40219.1
Project("{FAE04EC0-301F-11D3-BF4B-00C04F79EFBC}") = "OcelotGateway", "OcelotGateway\OcelotGateway.csproj", "{B635DB1F-DCAF-48A7-8720-0F66E0EB96A8}"
EndProject
Project("{9A19103F-16F7-4668-BE54-9A1E7A4F7556}") = "Ocelot.JWTAuthorizePolicy", "Ocelot.JWTAuthorizePolicy\Ocelot.JWTAuthorizePolicy.csproj", "{5A796B21-7371-4CC0-9400-881EE09315C1}"
EndProject
Global
	GlobalSection(SolutionConfigurationPlatforms) = preSolution
		Debug|Any CPU = Debug|Any CPU
		Release|Any CPU = Release|Any CPU
	EndGlobalSection
	GlobalSection(ProjectConfigurationPlatforms) = postSolution
		{B635DB1F-DCAF-48A7-8720-0F66E0EB96A8}.Debug|Any CPU.ActiveCfg = Debug|Any CPU
		{B635DB1F-DCAF-48A7-8720-0F66E0EB96A8}.Debug|Any CPU.Build.0 = Debug|Any CPU
		{B635DB1F-DCAF-48A7-8720-0F66E0EB96A8}.Release|Any CPU.ActiveCfg = Release|Any CPU
		{B635DB1F-DCAF-48A7-8720-0F66E0EB96A8}.Release|Any CPU.Build.0 = Release|Any CPU
		{5A796B21-7371-4CC0-9400-881EE09315C1}.Debug|Any CPU.ActiveCfg = Debug|Any CPU
		{5A796B21-7371-4CC0-9400-881EE09315C1}.Debug|Any CPU.Build.0 = Debug|Any CPU
		{5A796B21-7371-4CC0-9400-881EE09315C1}.Release|Any CPU.ActiveCfg = Release|Any CPU
		{5A796B21-7371-4CC0-9400-881EE09315C1}.Release|Any CPU.Build.0 = Release|Any CPU
	EndGlobalSection
	GlobalSection(SolutionProperties) = preSolution
		HideSolutionNode = FALSE
	EndGlobalSection
	GlobalSection(ExtensibilityGlobals) = postSolution
		SolutionGuid = {0D0E28E0-0019-428F-9C65-B7E2BBFA12A7}
	EndGlobalSection
EndGlobal
