
Microsoft Visual Studio Solution File, Format Version 12.00
# Visual Studio 15
VisualStudioVersion = 15.0.27130.2024
MinimumVisualStudioVersion = 10.0.40219.1
Project("{9A19103F-16F7-4668-BE54-9A1E7A4F7556}") = "OcelotGateway", "OcelotGateway\OcelotGateway.csproj", "{B635DB1F-DCAF-48A7-8720-0F66E0EB96A8}"
EndProject
Project("{9A19103F-16F7-4668-BE54-9A1E7A4F7556}") = "Ocelot.JWTAuthorizePolicy", "Ocelot.JWTAuthorizePolicy\Ocelot.JWTAuthorizePolicy.csproj", "{5A796B21-7371-4CC0-9400-881EE09315C1}"
EndProject
Project("{9A19103F-16F7-4668-BE54-9A1E7A4F7556}") = "AuthenticationAPI", "AuthenticationAPI\AuthenticationAPI.csproj", "{5CEDB9F5-0700-4F55-BA82-B132B7D4990D}"
EndProject
Project("{9A19103F-16F7-4668-BE54-9A1E7A4F7556}") = "LisAPI", "LisAPI\LisAPI.csproj", "{C82D07B1-3C8F-456D-8F42-3ED0451C1480}"
EndProject
Project("{9A19103F-16F7-4668-BE54-9A1E7A4F7556}") = "HisAPI", "HisAPI\HisAPI.csproj", "{45DE861E-C1EA-47BF-9427-F61000C70B27}"
EndProject
Project("{FAE04EC0-301F-11D3-BF4B-00C04F79EFBC}") = "TestClient", "TestClient\TestClient.csproj", "{2387BB0B-FF12-41C2-80B9-5ADE13D90988}"
EndProject
Project("{2150E333-8FDC-42A3-9474-1A3956D46DE8}") = "工具和文档", "工具和文档", "{475D781D-7C93-404A-9D7A-7D499D8CD65B}"
	ProjectSection(SolutionItems) = preProject
		工具和文档\ab.exe = 工具和文档\ab.exe
		工具和文档\压力测试命令.txt = 工具和文档\压力测试命令.txt
	EndProjectSection
EndProject
Project("{9A19103F-16F7-4668-BE54-9A1E7A4F7556}") = "HisAPI.XUnitTest", "HisAPI.XUnitTest\HisAPI.XUnitTest.csproj", "{DFECCB79-8A56-4036-88B5-97D515F211FF}"
EndProject
Project("{9A19103F-16F7-4668-BE54-9A1E7A4F7556}") = "DapperPlus", "DapperPlus\DapperPlus.csproj", "{5ED8D57E-BBDE-4DB5-A800-2A4D9A272941}"
EndProject
Project("{2150E333-8FDC-42A3-9474-1A3956D46DE8}") = "其他测试项目", "其他测试项目", "{255EB7A1-EBA5-4F4B-9B16-46973DE3DD1F}"
EndProject
Project("{9A19103F-16F7-4668-BE54-9A1E7A4F7556}") = "AspectCore-APMDemo", "其他测试项目\AspectCore-APMDemo\AspectCore-APMDemo.csproj", "{1DA26889-0841-4AF0-841F-370881E28C3C}"
EndProject
Project("{FAE04EC0-301F-11D3-BF4B-00C04F79EFBC}") = "InfluxDBTool", "InfluxDBTool\InfluxDBTool.csproj", "{C680DBE6-C451-49CB-907E-AE5AF8EA8DF3}"
EndProject
Project("{9A19103F-16F7-4668-BE54-9A1E7A4F7556}") = "Ocelot.ConfigEditor", "Ocelot.ConfigEditor\Ocelot.ConfigEditor.csproj", "{E749C6E9-A2EC-4556-B69C-4400CFCA090B}"
EndProject
Project("{9A19103F-16F7-4668-BE54-9A1E7A4F7556}") = "Common", "Common\Common.csproj", "{5228A808-B325-4F73-8460-085D645614B2}"
EndProject
Project("{FAE04EC0-301F-11D3-BF4B-00C04F79EFBC}") = "TestDesktop", "TestDesktop\TestDesktop.csproj", "{9000E8B5-067B-4485-AA45-939675494C8D}"
EndProject
Project("{FAE04EC0-301F-11D3-BF4B-00C04F79EFBC}") = "TestDesktop02", "TestDesktop02\TestDesktop02.csproj", "{3252A3F8-0ECC-4843-A4B6-D159BB268981}"
EndProject
Global
	GlobalSection(SolutionConfigurationPlatforms) = preSolution
		Debug|Any CPU = Debug|Any CPU
		Release|Any CPU = Release|Any CPU
	EndGlobalSection
	GlobalSection(ProjectConfigurationPlatforms) = postSolution
		{B635DB1F-DCAF-48A7-8720-0F66E0EB96A8}.Debug|Any CPU.ActiveCfg = Debug|Any CPU
		{B635DB1F-DCAF-48A7-8720-0F66E0EB96A8}.Debug|Any CPU.Build.0 = Debug|Any CPU
		{B635DB1F-DCAF-48A7-8720-0F66E0EB96A8}.Release|Any CPU.ActiveCfg = Release|Any CPU
		{B635DB1F-DCAF-48A7-8720-0F66E0EB96A8}.Release|Any CPU.Build.0 = Release|Any CPU
		{5A796B21-7371-4CC0-9400-881EE09315C1}.Debug|Any CPU.ActiveCfg = Debug|Any CPU
		{5A796B21-7371-4CC0-9400-881EE09315C1}.Debug|Any CPU.Build.0 = Debug|Any CPU
		{5A796B21-7371-4CC0-9400-881EE09315C1}.Release|Any CPU.ActiveCfg = Release|Any CPU
		{5A796B21-7371-4CC0-9400-881EE09315C1}.Release|Any CPU.Build.0 = Release|Any CPU
		{5CEDB9F5-0700-4F55-BA82-B132B7D4990D}.Debug|Any CPU.ActiveCfg = Debug|Any CPU
		{5CEDB9F5-0700-4F55-BA82-B132B7D4990D}.Debug|Any CPU.Build.0 = Debug|Any CPU
		{5CEDB9F5-0700-4F55-BA82-B132B7D4990D}.Release|Any CPU.ActiveCfg = Release|Any CPU
		{5CEDB9F5-0700-4F55-BA82-B132B7D4990D}.Release|Any CPU.Build.0 = Release|Any CPU
		{C82D07B1-3C8F-456D-8F42-3ED0451C1480}.Debug|Any CPU.ActiveCfg = Debug|Any CPU
		{C82D07B1-3C8F-456D-8F42-3ED0451C1480}.Debug|Any CPU.Build.0 = Debug|Any CPU
		{C82D07B1-3C8F-456D-8F42-3ED0451C1480}.Release|Any CPU.ActiveCfg = Release|Any CPU
		{C82D07B1-3C8F-456D-8F42-3ED0451C1480}.Release|Any CPU.Build.0 = Release|Any CPU
		{45DE861E-C1EA-47BF-9427-F61000C70B27}.Debug|Any CPU.ActiveCfg = Debug|Any CPU
		{45DE861E-C1EA-47BF-9427-F61000C70B27}.Debug|Any CPU.Build.0 = Debug|Any CPU
		{45DE861E-C1EA-47BF-9427-F61000C70B27}.Release|Any CPU.ActiveCfg = Release|Any CPU
		{45DE861E-C1EA-47BF-9427-F61000C70B27}.Release|Any CPU.Build.0 = Release|Any CPU
		{2387BB0B-FF12-41C2-80B9-5ADE13D90988}.Debug|Any CPU.ActiveCfg = Debug|Any CPU
		{2387BB0B-FF12-41C2-80B9-5ADE13D90988}.Debug|Any CPU.Build.0 = Debug|Any CPU
		{2387BB0B-FF12-41C2-80B9-5ADE13D90988}.Release|Any CPU.ActiveCfg = Release|Any CPU
		{2387BB0B-FF12-41C2-80B9-5ADE13D90988}.Release|Any CPU.Build.0 = Release|Any CPU
		{DFECCB79-8A56-4036-88B5-97D515F211FF}.Debug|Any CPU.ActiveCfg = Debug|Any CPU
		{DFECCB79-8A56-4036-88B5-97D515F211FF}.Debug|Any CPU.Build.0 = Debug|Any CPU
		{DFECCB79-8A56-4036-88B5-97D515F211FF}.Release|Any CPU.ActiveCfg = Release|Any CPU
		{DFECCB79-8A56-4036-88B5-97D515F211FF}.Release|Any CPU.Build.0 = Release|Any CPU
		{5ED8D57E-BBDE-4DB5-A800-2A4D9A272941}.Debug|Any CPU.ActiveCfg = Debug|Any CPU
		{5ED8D57E-BBDE-4DB5-A800-2A4D9A272941}.Debug|Any CPU.Build.0 = Debug|Any CPU
		{5ED8D57E-BBDE-4DB5-A800-2A4D9A272941}.Release|Any CPU.ActiveCfg = Release|Any CPU
		{5ED8D57E-BBDE-4DB5-A800-2A4D9A272941}.Release|Any CPU.Build.0 = Release|Any CPU
		{1DA26889-0841-4AF0-841F-370881E28C3C}.Debug|Any CPU.ActiveCfg = Debug|Any CPU
		{1DA26889-0841-4AF0-841F-370881E28C3C}.Debug|Any CPU.Build.0 = Debug|Any CPU
		{1DA26889-0841-4AF0-841F-370881E28C3C}.Release|Any CPU.ActiveCfg = Release|Any CPU
		{1DA26889-0841-4AF0-841F-370881E28C3C}.Release|Any CPU.Build.0 = Release|Any CPU
		{C680DBE6-C451-49CB-907E-AE5AF8EA8DF3}.Debug|Any CPU.ActiveCfg = Debug|Any CPU
		{C680DBE6-C451-49CB-907E-AE5AF8EA8DF3}.Debug|Any CPU.Build.0 = Debug|Any CPU
		{C680DBE6-C451-49CB-907E-AE5AF8EA8DF3}.Release|Any CPU.ActiveCfg = Release|Any CPU
		{C680DBE6-C451-49CB-907E-AE5AF8EA8DF3}.Release|Any CPU.Build.0 = Release|Any CPU
		{E749C6E9-A2EC-4556-B69C-4400CFCA090B}.Debug|Any CPU.ActiveCfg = Debug|Any CPU
		{E749C6E9-A2EC-4556-B69C-4400CFCA090B}.Debug|Any CPU.Build.0 = Debug|Any CPU
		{E749C6E9-A2EC-4556-B69C-4400CFCA090B}.Release|Any CPU.ActiveCfg = Release|Any CPU
		{E749C6E9-A2EC-4556-B69C-4400CFCA090B}.Release|Any CPU.Build.0 = Release|Any CPU
		{5228A808-B325-4F73-8460-085D645614B2}.Debug|Any CPU.ActiveCfg = Debug|Any CPU
		{5228A808-B325-4F73-8460-085D645614B2}.Debug|Any CPU.Build.0 = Debug|Any CPU
		{5228A808-B325-4F73-8460-085D645614B2}.Release|Any CPU.ActiveCfg = Release|Any CPU
		{5228A808-B325-4F73-8460-085D645614B2}.Release|Any CPU.Build.0 = Release|Any CPU
		{9000E8B5-067B-4485-AA45-939675494C8D}.Debug|Any CPU.ActiveCfg = Debug|Any CPU
		{9000E8B5-067B-4485-AA45-939675494C8D}.Debug|Any CPU.Build.0 = Debug|Any CPU
		{9000E8B5-067B-4485-AA45-939675494C8D}.Release|Any CPU.ActiveCfg = Release|Any CPU
		{9000E8B5-067B-4485-AA45-939675494C8D}.Release|Any CPU.Build.0 = Release|Any CPU
		{3252A3F8-0ECC-4843-A4B6-D159BB268981}.Debug|Any CPU.ActiveCfg = Debug|Any CPU
		{3252A3F8-0ECC-4843-A4B6-D159BB268981}.Debug|Any CPU.Build.0 = Debug|Any CPU
		{3252A3F8-0ECC-4843-A4B6-D159BB268981}.Release|Any CPU.ActiveCfg = Release|Any CPU
		{3252A3F8-0ECC-4843-A4B6-D159BB268981}.Release|Any CPU.Build.0 = Release|Any CPU
	EndGlobalSection
	GlobalSection(SolutionProperties) = preSolution
		HideSolutionNode = FALSE
	EndGlobalSection
	GlobalSection(NestedProjects) = preSolution
		{1DA26889-0841-4AF0-841F-370881E28C3C} = {255EB7A1-EBA5-4F4B-9B16-46973DE3DD1F}
		{C680DBE6-C451-49CB-907E-AE5AF8EA8DF3} = {255EB7A1-EBA5-4F4B-9B16-46973DE3DD1F}
	EndGlobalSection
	GlobalSection(ExtensibilityGlobals) = postSolution
		SolutionGuid = {0D0E28E0-0019-428F-9C65-B7E2BBFA12A7}
	EndGlobalSection
EndGlobal
